// !$*UTF8*$!
{
	archiveVersion = 1;
	classes = {
	};
	objectVersion = 46;
	objects = {

/* Begin PBXBuildFile section */
		D51F63F51DD7494300233173 /* Minecraft.ttf in Resources */ = {isa = PBXBuildFile; fileRef = D51F63F41DD7494300233173 /* Minecraft.ttf */; };
		D55B712C1DD577BD00DC4FC6 /* AppDelegate.swift in Sources */ = {isa = PBXBuildFile; fileRef = D55B712B1DD577BD00DC4FC6 /* AppDelegate.swift */; };
		D55B712E1DD577BD00DC4FC6 /* ViewController.swift in Sources */ = {isa = PBXBuildFile; fileRef = D55B712D1DD577BD00DC4FC6 /* ViewController.swift */; };
		D55B71311DD577BD00DC4FC6 /* Main.storyboard in Resources */ = {isa = PBXBuildFile; fileRef = D55B712F1DD577BD00DC4FC6 /* Main.storyboard */; };
		D55B71331DD577BD00DC4FC6 /* Assets.xcassets in Resources */ = {isa = PBXBuildFile; fileRef = D55B71321DD577BD00DC4FC6 /* Assets.xcassets */; };
		D55B71361DD577BD00DC4FC6 /* LaunchScreen.storyboard in Resources */ = {isa = PBXBuildFile; fileRef = D55B71341DD577BD00DC4FC6 /* LaunchScreen.storyboard */; };
/* End PBXBuildFile section */

/* Begin PBXFileReference section */
		D51F63F41DD7494300233173 /* Minecraft.ttf */ = {isa = PBXFileReference; lastKnownFileType = file; path = Minecraft.ttf; sourceTree = "<group>"; };
		D55B71281DD577BD00DC4FC6 /* RetroCalculatorExercise.app */ = {isa = PBXFileReference; explicitFileType = wrapper.application; includeInIndex = 0; path = RetroCalculatorExercise.app; sourceTree = BUILT_PRODUCTS_DIR; };
		D55B712B1DD577BD00DC4FC6 /* AppDelegate.swift */ = {isa = PBXFileReference; lastKnownFileType = sourcecode.swift; path = AppDelegate.swift; sourceTree = "<group>"; };
		D55B712D1DD577BD00DC4FC6 /* ViewController.swift */ = {isa = PBXFileReference; lastKnownFileType = sourcecode.swift; path = ViewController.swift; sourceTree = "<group>"; };
		D55B71301DD577BD00DC4FC6 /* Base */ = {isa = PBXFileReference; lastKnownFileType = file.storyboard; name = Base; path = Base.lproj/Main.storyboard; sourceTree = "<group>"; };
		D55B71321DD577BD00DC4FC6 /* Assets.xcassets */ = {isa = PBXFileReference; lastKnownFileType = folder.assetcatalog; path = Assets.xcassets; sourceTree = "<group>"; };
		D55B71351DD577BD00DC4FC6 /* Base */ = {isa = PBXFileReference; lastKnownFileType = file.storyboard; name = Base; path = Base.lproj/LaunchScreen.storyboard; sourceTree = "<group>"; };
		D55B71371DD577BD00DC4FC6 /* Info.plist */ = {isa = PBXFileReference; lastKnownFileType = text.plist.xml; path = Info.plist; sourceTree = "<group>"; };
/* End PBXFileReference section */

/* Begin PBXFrameworksBuildPhase section */
		D55B71251DD577BD00DC4FC6 /* Frameworks */ = {
			isa = PBXFrameworksBuildPhase;
			buildActionMask = 2147483647;
			files = (
			);
			runOnlyForDeploymentPostprocessing = 0;
		};
/* End PBXFrameworksBuildPhase section */

/* Begin PBXGroup section */
		D55B711F1DD577BD00DC4FC6 = {
			isa = PBXGroup;
			children = (
				D55B712A1DD577BD00DC4FC6 /* RetroCalculatorExercise */,
				D55B71291DD577BD00DC4FC6 /* Products */,
			);
			sourceTree = "<group>";
		};
		D55B71291DD577BD00DC4FC6 /* Products */ = {
			isa = PBXGroup;
			children = (
				D55B71281DD577BD00DC4FC6 /* RetroCalculatorExercise.app */,
			);
			name = Products;
			sourceTree = "<group>";
		};
		D55B712A1DD577BD00DC4FC6 /* RetroCalculatorExercise */ = {
			isa = PBXGroup;
			children = (
				D55B712B1DD577BD00DC4FC6 /* AppDelegate.swift */,
				D55B712D1DD577BD00DC4FC6 /* ViewController.swift */,
				D55B712F1DD577BD00DC4FC6 /* Main.storyboard */,
				D55B71321DD577BD00DC4FC6 /* Assets.xcassets */,
				D55B71341DD577BD00DC4FC6 /* LaunchScreen.storyboard */,
				D55B71371DD577BD00DC4FC6 /* Info.plist */,
				D51F63F41DD7494300233173 /* Minecraft.ttf */,
			);
			path = RetroCalculatorExercise;
			sourceTree = "<group>";
		};
/* End PBXGroup section */

/* Begin PBXNativeTarget section */
		D55B71271DD577BD00DC4FC6 /* RetroCalculatorExercise */ = {
			isa = PBXNativeTarget;
			buildConfigurationList = D55B713A1DD577BD00DC4FC6 /* Build configuration list for PBXNativeTarget "RetroCalculatorExercise" */;
			buildPhases = (
				D55B71241DD577BD00DC4FC6 /* Sources */,
				D55B71251DD577BD00DC4FC6 /* Frameworks */,
				D55B71261DD577BD00DC4FC6 /* Resources */,
			);
			buildRules = (
			);
			dependencies = (
			);
			name = RetroCalculatorExercise;
			productName = RetroCalculatorExercise;
			productReference = D55B71281DD577BD00DC4FC6 /* RetroCalculatorExercise.app */;
			productType = "com.apple.product-type.application";
		};
/* End PBXNativeTarget section */

/* Begin PBXProject section */
		D55B71201DD577BD00DC4FC6 /* Project object */ = {
			isa = PBXProject;
			attributes = {
				LastSwiftUpdateCheck = 0800;
				LastUpgradeCheck = 0800;
				ORGANIZATIONNAME = "Younoussa Ousmane Abdou";
				TargetAttributes = {
					D55B71271DD577BD00DC4FC6 = {
						CreatedOnToolsVersion = 8.0;
						DevelopmentTeam = 7HAUD8EZY3;
						ProvisioningStyle = Automatic;
					};
				};
			};
			buildConfigurationList = D55B71231DD577BD00DC4FC6 /* Build configuration list for PBXProject "RetroCalculatorExercise" */;
			compatibilityVersion = "Xcode 3.2";
			developmentRegion = English;
			hasScannedForEncodings = 0;
			knownRegions = (
				en,
				Base,
			);
			mainGroup = D55B711F1DD577BD00DC4FC6;
			productRefGroup = D55B71291DD577BD00DC4FC6 /* Products */;
			projectDirPath = "";
			projectRoot = "";
			targets = (
				D55B71271DD577BD00DC4FC6 /* RetroCalculatorExercise */,
			);
		};
/* End PBXProject section */

/* Begin PBXResourcesBuildPhase section */
		D55B71261DD577BD00DC4FC6 /* Resources */ = {
			isa = PBXResourcesBuildPhase;
			buildActionMask = 2147483647;
			files = (
				D55B71361DD577BD00DC4FC6 /* LaunchScreen.storyboard in Resources */,
				D55B71331DD577BD00DC4FC6 /* Assets.xcassets in Resources */,
				D51F63F51DD7494300233173 /* Minecraft.ttf in Resources */,
				D55B71311DD577BD00DC4FC6 /* Main.storyboard in Resources */,
			);
			runOnlyForDeploymentPostprocessing = 0;
		};
/* End PBXResourcesBuildPhase section */

/* Begin PBXSourcesBuildPhase section */
		D55B71241DD577BD00DC4FC6 /* Sources */ = {
			isa = PBXSourcesBuildPhase;
			buildActionMask = 2147483647;
			files = (
				D55B712E1DD577BD00DC4FC6 /* ViewController.swift in Sources */,
				D55B712C1DD577BD00DC4FC6 /* AppDelegate.swift in Sources */,
			);
			runOnlyForDeploymentPostprocessing = 0;
		};
/* End PBXSourcesBuildPhase section */

/* Begin PBXVariantGroup section */
		D55B712F1DD577BD00DC4FC6 /* Main.storyboard */ = {
			isa = PBXVariantGroup;
			children = (
				D55B71301DD577BD00DC4FC6 /* Base */,
			);
			name = Main.storyboard;
			sourceTree = "<group>";
		};
		D55B71341DD577BD00DC4FC6 /* LaunchScreen.storyboard */ = {
			isa = PBXVariantGroup;
			children = (
				D55B71351DD577BD00DC4FC6 /* Base */,
			);
			name = LaunchScreen.storyboard;
			sourceTree = "<group>";
		};
/* End PBXVariantGroup section */

/* Begin XCBuildConfiguration section */
		D55B71381DD577BD00DC4FC6 /* Debug */ = {
			isa = XCBuildConfiguration;
			buildSettings = {
				ALWAYS_SEARCH_USER_PATHS = NO;
				CLANG_ANALYZER_NONNULL = YES;
				CLANG_CXX_LANGUAGE_STANDARD = "gnu++0x";
				CLANG_CXX_LIBRARY = "libc++";
				CLANG_ENABLE_MODULES = YES;
				CLANG_ENABLE_OBJC_ARC = YES;
				CLANG_WARN_BOOL_CONVERSION = YES;
				CLANG_WARN_CONSTANT_CONVERSION = YES;
				CLANG_WARN_DIRECT_OBJC_ISA_USAGE = YES_ERROR;
				CLANG_WARN_DOCUMENTATION_COMMENTS = YES;
				CLANG_WARN_EMPTY_BODY = YES;
				CLANG_WARN_ENUM_CONVERSION = YES;
				CLANG_WARN_INFINITE_RECURSION = YES;
				CLANG_WARN_INT_CONVERSION = YES;
				CLANG_WARN_OBJC_ROOT_CLASS = YES_ERROR;
				CLANG_WARN_SUSPICIOUS_MOVES = YES;
				CLANG_WARN_UNREACHABLE_CODE = YES;
				CLANG_WARN__DUPLICATE_METHOD_MATCH = YES;
				"CODE_SIGN_IDENTITY[sdk=iphoneos*]" = "iPhone Developer";
				COPY_PHASE_STRIP = NO;
				DEBUG_INFORMATION_FORMAT = dwarf;
				ENABLE_STRICT_OBJC_MSGSEND = YES;
				ENABLE_TESTABILITY = YES;
				GCC_C_LANGUAGE_STANDARD = gnu99;
				GCC_DYNAMIC_NO_PIC = NO;
				GCC_NO_COMMON_BLOCKS = YES;
				GCC_OPTIMIZATION_LEVEL = 0;
				GCC_PREPROCESSOR_DEFINITIONS = (
					"DEBUG=1",
					"$(inherited)",
				);
				GCC_WARN_64_TO_32_BIT_CONVERSION = YES;
				GCC_WARN_ABOUT_RETURN_TYPE = YES_ERROR;
				GCC_WARN_UNDECLARED_SELECTOR = YES;
				GCC_WARN_UNINITIALIZED_AUTOS = YES_AGGRESSIVE;
				GCC_WARN_UNUSED_FUNCTION = YES;
				GCC_WARN_UNUSED_VARIABLE = YES;
				IPHONEOS_DEPLOYMENT_TARGET = 10.0;
				MTL_ENABLE_DEBUG_INFO = YES;
				ONLY_ACTIVE_ARCH = YES;
				SDKROOT = iphoneos;
				SWIFT_ACTIVE_COMPILATION_CONDITIONS = DEBUG;
				SWIFT_OPTIMIZATION_LEVEL = "-Onone";
				TARGETED_DEVICE_FAMILY = "1,2";
			};
			name = Debug;
		};
		D55B71391DD577BD00DC4FC6 /* Release */ = {
			isa = XCBuildConfiguration;
			buildSettings = {
				ALWAYS_SEARCH_USER_PATHS = NO;
				CLANG_ANALYZER_NONNULL = YES;
				CLANG_CXX_LANGUAGE_STANDARD = "gnu++0x";
				CLANG_CXX_LIBRARY = "libc++";
				CLANG_ENABLE_MODULES = YES;
				CLANG_ENABLE_OBJC_ARC = YES;
				CLANG_WARN_BOOL_CONVERSION = YES;
				CLANG_WARN_CONSTANT_CONVERSION = YES;
				CLANG_WARN_DIRECT_OBJC_ISA_USAGE = YES_ERROR;
				CLANG_WARN_DOCUMENTATION_COMMENTS = YES;
				CLANG_WARN_EMPTY_BODY = YES;
				CLANG_WARN_ENUM_CONVERSION = YES;
				CLANG_WARN_INFINITE_RECURSION = YES;
				CLANG_WARN_INT_CONVERSION = YES;
				CLANG_WARN_OBJC_ROOT_CLASS = YES_ERROR;
				CLANG_WARN_SUSPICIOUS_MOVES = YES;
				CLANG_WARN_UNREACHABLE_CODE = YES;
				CLANG_WARN__DUPLICATE_METHOD_MATCH = YES;
				"CODE_SIGN_IDENTITY[sdk=iphoneos*]" = "iPhone Developer";
				COPY_PHASE_STRIP = NO;
				DEBUG_INFORMATION_FORMAT = "dwarf-with-dsym";
				ENABLE_NS_ASSERTIONS = NO;
				ENABLE_STRICT_OBJC_MSGSEND = YES;
				GCC_C_LANGUAGE_STANDARD = gnu99;
				GCC_NO_COMMON_BLOCKS = YES;
				GCC_WARN_64_TO_32_BIT_CONVERSION = YES;
				GCC_WARN_ABOUT_RETURN_TYPE = YES_ERROR;
				GCC_WARN_UNDECLARED_SELECTOR = YES;
				GCC_WARN_UNINITIALIZED_AUTOS = YES_AGGRESSIVE;
				GCC_WARN_UNUSED_FUNCTION = YES;
				GCC_WARN_UNUSED_VARIABLE = YES;
				IPHONEOS_DEPLOYMENT_TARGET = 10.0;
				MTL_ENABLE_DEBUG_INFO = NO;
				SDKROOT = iphoneos;
				SWIFT_OPTIMIZATION_LEVEL = "-Owholemodule";
				TARGETED_DEVICE_FAMILY = "1,2";
				VALIDATE_PRODUCT = YES;
			};
			name = Release;
		};
		D55B713B1DD577BD00DC4FC6 /* Debug */ = {
			isa = XCBuildConfiguration;
			buildSettings = {
				ASSETCATALOG_COMPILER_APPICON_NAME = AppIcon;
				DEVELOPMENT_TEAM = 7HAUD8EZY3;
				INFOPLIST_FILE = RetroCalculatorExercise/Info.plist;
				LD_RUNPATH_SEARCH_PATHS = "$(inherited) @executable_path/Frameworks";
				PRODUCT_BUNDLE_IDENTIFIER = com.yuso.RetroCalculatorExercise;
				PRODUCT_NAME = "$(TARGET_NAME)";
				SWIFT_VERSION = 3.0;
			};
			name = Debug;
		};
		D55B713C1DD577BD00DC4FC6 /* Release */ = {
			isa = XCBuildConfiguration;
			buildSettings = {
				ASSETCATALOG_COMPILER_APPICON_NAME = AppIcon;
				DEVELOPMENT_TEAM = 7HAUD8EZY3;
				INFOPLIST_FILE = RetroCalculatorExercise/Info.plist;
				LD_RUNPATH_SEARCH_PATHS = "$(inherited) @executable_path/Frameworks";
				PRODUCT_BUNDLE_IDENTIFIER = com.yuso.RetroCalculatorExercise;
				PRODUCT_NAME = "$(TARGET_NAME)";
				SWIFT_VERSION = 3.0;
			};
			name = Release;
		};
/* End XCBuildConfiguration section */

/* Begin XCConfigurationList section */
		D55B71231DD577BD00DC4FC6 /* Build configuration list for PBXProject "RetroCalculatorExercise" */ = {
			isa = XCConfigurationList;
			buildConfigurations = (
				D55B71381DD577BD00DC4FC6 /* Debug */,
				D55B71391DD577BD00DC4FC6 /* Release */,
			);
			defaultConfigurationIsVisible = 0;
			defaultConfigurationName = Release;
		};
		D55B713A1DD577BD00DC4FC6 /* Build configuration list for PBXNativeTarget "RetroCalculatorExercise" */ = {
			isa = XCConfigurationList;
			buildConfigurations = (
				D55B713B1DD577BD00DC4FC6 /* Debug */,
				D55B713C1DD577BD00DC4FC6 /* Release */,
			);
			defaultConfigurationIsVisible = 0;
			defaultConfigurationName = Release;
		};
/* End XCConfigurationList section */
	};
	rootObject = D55B71201DD577BD00DC4FC6 /* Project object */;
}
